{
  "name": "lekoala-silverstripe-modular-behaviour",
  "lockfileVersion": 2,
  "requires": true,
  "packages": {
    "": {
      "name": "lekoala-silverstripe-modular-behaviour",
      "license": "MIT",
      "dependencies": {
        "modular-behaviour.js": "git://github.com/lekoala/modular-behaviour.js.git#1e18eab7d218ee404d526f092f7683812ded97a4"
      }
    },
    "node_modules/modular-behaviour.js": {
      "version": "3.2.1",
      "resolved": "git+ssh://git@github.com/lekoala/modular-behaviour.js.git#1e18eab7d218ee404d526f092f7683812ded97a4",
      "integrity": "sha512-Wa8/u6//mlDwQGQcdgaPyA0d6v2omuT+9UWa23v8cFm0VOoY8azN1435dQMVBdfT2EXjkgjZvMmkjesjTLm5vQ==",
      "license": "MIT"
    }
  },
  "dependencies": {
    "modular-behaviour.js": {
      "version": "git+ssh://git@github.com/lekoala/modular-behaviour.js.git#1e18eab7d218ee404d526f092f7683812ded97a4",
      "integrity": "sha512-Wa8/u6//mlDwQGQcdgaPyA0d6v2omuT+9UWa23v8cFm0VOoY8azN1435dQMVBdfT2EXjkgjZvMmkjesjTLm5vQ==",
      "from": "modular-behaviour.js@git://github.com/lekoala/modular-behaviour.js.git#1e18eab7d218ee404d526f092f7683812ded97a4"
    }
  }
}
